
Microsoft Visual Studio Solution File, Format Version 12.00
# Visual Studio 15
VisualStudioVersion = 15.0.26403.0
MinimumVisualStudioVersion = 10.0.40219.1
Project("{2150E333-8FDC-42A3-9474-1A3956D46DE8}") = ".Tests", ".Tests", "{D526BA73-F22A-4AD9-9F30-8F8F63D4750F}"
EndProject
Project("{FAE04EC0-301F-11D3-BF4B-00C04F79EFBC}") = "ObservableData.Querying", "ObservableData.Querying\ObservableData.Querying.csproj", "{3F528850-6745-49ED-B71A-2FD0794D45CD}"
EndProject
Project("{FAE04EC0-301F-11D3-BF4B-00C04F79EFBC}") = "ObservableData.Structures", "ObservableData.Structures\ObservableData.Structures.csproj", "{2A57421C-29F6-4318-9C08-0CFA2F3270DA}"
EndProject
Project("{FAE04EC0-301F-11D3-BF4B-00C04F79EFBC}") = "ObservableData.Tests.Core", "ObservableData.Tests\ObservableData.Tests.Core\ObservableData.Tests.Core.csproj", "{32EA4942-5058-4694-AC8C-0AE16BA14942}"
EndProject
Project("{FAE04EC0-301F-11D3-BF4B-00C04F79EFBC}") = "ObservableData.Tests.Visual", "ObservableData.Tests\ObservableData.Tests.Visual\ObservableData.Tests.Visual.csproj", "{9D955AA4-B2DD-4E26-83E0-DDF00AE64B0C}"
EndProject
Project("{FAE04EC0-301F-11D3-BF4B-00C04F79EFBC}") = "ObservableData.Tests.Structures", "ObservableData.Tests\ObservableData.Tests.Structures\ObservableData.Tests.Structures.csproj", "{25257FB1-8755-42D0-BC1A-84EABFA4DDFC}"
EndProject
Project("{FAE04EC0-301F-11D3-BF4B-00C04F79EFBC}") = "ObservableData.Tests.Visual", "ObservableData.Tests.Visual\ObservableData.Tests.Visual.csproj", "{F765EB67-087E-4AD4-83A9-3E7BDFA7F44F}"
EndProject
Project("{FAE04EC0-301F-11D3-BF4B-00C04F79EFBC}") = "ObservableData.Tests.Core", "ObservableData.Tests.Core\ObservableData.Tests.Core.csproj", "{705777BF-B613-4B16-A0F6-3B15B4C6FE21}"
EndProject
Global
	GlobalSection(SolutionConfigurationPlatforms) = preSolution
		Ad-Hoc|Any CPU = Ad-Hoc|Any CPU
		Ad-Hoc|ARM = Ad-Hoc|ARM
		Ad-Hoc|iPhone = Ad-Hoc|iPhone
		Ad-Hoc|iPhoneSimulator = Ad-Hoc|iPhoneSimulator
		Ad-Hoc|x64 = Ad-Hoc|x64
		Ad-Hoc|x86 = Ad-Hoc|x86
		AppStore|Any CPU = AppStore|Any CPU
		AppStore|ARM = AppStore|ARM
		AppStore|iPhone = AppStore|iPhone
		AppStore|iPhoneSimulator = AppStore|iPhoneSimulator
		AppStore|x64 = AppStore|x64
		AppStore|x86 = AppStore|x86
		Debug|Any CPU = Debug|Any CPU
		Debug|ARM = Debug|ARM
		Debug|iPhone = Debug|iPhone
		Debug|iPhoneSimulator = Debug|iPhoneSimulator
		Debug|x64 = Debug|x64
		Debug|x86 = Debug|x86
		Release|Any CPU = Release|Any CPU
		Release|ARM = Release|ARM
		Release|iPhone = Release|iPhone
		Release|iPhoneSimulator = Release|iPhoneSimulator
		Release|x64 = Release|x64
		Release|x86 = Release|x86
	EndGlobalSection
	GlobalSection(ProjectConfigurationPlatforms) = postSolution
		{3F528850-6745-49ED-B71A-2FD0794D45CD}.Ad-Hoc|Any CPU.ActiveCfg = Release|Any CPU
		{3F528850-6745-49ED-B71A-2FD0794D45CD}.Ad-Hoc|Any CPU.Build.0 = Release|Any CPU
		{3F528850-6745-49ED-B71A-2FD0794D45CD}.Ad-Hoc|ARM.ActiveCfg = Release|Any CPU
		{3F528850-6745-49ED-B71A-2FD0794D45CD}.Ad-Hoc|ARM.Build.0 = Release|Any CPU
		{3F528850-6745-49ED-B71A-2FD0794D45CD}.Ad-Hoc|iPhone.ActiveCfg = Release|Any CPU
		{3F528850-6745-49ED-B71A-2FD0794D45CD}.Ad-Hoc|iPhone.Build.0 = Release|Any CPU
		{3F528850-6745-49ED-B71A-2FD0794D45CD}.Ad-Hoc|iPhoneSimulator.ActiveCfg = Release|Any CPU
		{3F528850-6745-49ED-B71A-2FD0794D45CD}.Ad-Hoc|iPhoneSimulator.Build.0 = Release|Any CPU
		{3F528850-6745-49ED-B71A-2FD0794D45CD}.Ad-Hoc|x64.ActiveCfg = Release|Any CPU
		{3F528850-6745-49ED-B71A-2FD0794D45CD}.Ad-Hoc|x64.Build.0 = Release|Any CPU
		{3F528850-6745-49ED-B71A-2FD0794D45CD}.Ad-Hoc|x86.ActiveCfg = Release|Any CPU
		{3F528850-6745-49ED-B71A-2FD0794D45CD}.Ad-Hoc|x86.Build.0 = Release|Any CPU
		{3F528850-6745-49ED-B71A-2FD0794D45CD}.AppStore|Any CPU.ActiveCfg = Release|Any CPU
		{3F528850-6745-49ED-B71A-2FD0794D45CD}.AppStore|Any CPU.Build.0 = Release|Any CPU
		{3F528850-6745-49ED-B71A-2FD0794D45CD}.AppStore|ARM.ActiveCfg = Release|Any CPU
		{3F528850-6745-49ED-B71A-2FD0794D45CD}.AppStore|ARM.Build.0 = Release|Any CPU
		{3F528850-6745-49ED-B71A-2FD0794D45CD}.AppStore|iPhone.ActiveCfg = Release|Any CPU
		{3F528850-6745-49ED-B71A-2FD0794D45CD}.AppStore|iPhone.Build.0 = Release|Any CPU
		{3F528850-6745-49ED-B71A-2FD0794D45CD}.AppStore|iPhoneSimulator.ActiveCfg = Release|Any CPU
		{3F528850-6745-49ED-B71A-2FD0794D45CD}.AppStore|iPhoneSimulator.Build.0 = Release|Any CPU
		{3F528850-6745-49ED-B71A-2FD0794D45CD}.AppStore|x64.ActiveCfg = Release|Any CPU
		{3F528850-6745-49ED-B71A-2FD0794D45CD}.AppStore|x64.Build.0 = Release|Any CPU
		{3F528850-6745-49ED-B71A-2FD0794D45CD}.AppStore|x86.ActiveCfg = Release|Any CPU
		{3F528850-6745-49ED-B71A-2FD0794D45CD}.AppStore|x86.Build.0 = Release|Any CPU
		{3F528850-6745-49ED-B71A-2FD0794D45CD}.Debug|Any CPU.ActiveCfg = Debug|Any CPU
		{3F528850-6745-49ED-B71A-2FD0794D45CD}.Debug|Any CPU.Build.0 = Debug|Any CPU
		{3F528850-6745-49ED-B71A-2FD0794D45CD}.Debug|ARM.ActiveCfg = Debug|Any CPU
		{3F528850-6745-49ED-B71A-2FD0794D45CD}.Debug|ARM.Build.0 = Debug|Any CPU
		{3F528850-6745-49ED-B71A-2FD0794D45CD}.Debug|iPhone.ActiveCfg = Debug|Any CPU
		{3F528850-6745-49ED-B71A-2FD0794D45CD}.Debug|iPhone.Build.0 = Debug|Any CPU
		{3F528850-6745-49ED-B71A-2FD0794D45CD}.Debug|iPhoneSimulator.ActiveCfg = Debug|Any CPU
		{3F528850-6745-49ED-B71A-2FD0794D45CD}.Debug|iPhoneSimulator.Build.0 = Debug|Any CPU
		{3F528850-6745-49ED-B71A-2FD0794D45CD}.Debug|x64.ActiveCfg = Debug|Any CPU
		{3F528850-6745-49ED-B71A-2FD0794D45CD}.Debug|x64.Build.0 = Debug|Any CPU
		{3F528850-6745-49ED-B71A-2FD0794D45CD}.Debug|x86.ActiveCfg = Debug|Any CPU
		{3F528850-6745-49ED-B71A-2FD0794D45CD}.Debug|x86.Build.0 = Debug|Any CPU
		{3F528850-6745-49ED-B71A-2FD0794D45CD}.Release|Any CPU.ActiveCfg = Release|Any CPU
		{3F528850-6745-49ED-B71A-2FD0794D45CD}.Release|Any CPU.Build.0 = Release|Any CPU
		{3F528850-6745-49ED-B71A-2FD0794D45CD}.Release|ARM.ActiveCfg = Release|Any CPU
		{3F528850-6745-49ED-B71A-2FD0794D45CD}.Release|ARM.Build.0 = Release|Any CPU
		{3F528850-6745-49ED-B71A-2FD0794D45CD}.Release|iPhone.ActiveCfg = Release|Any CPU
		{3F528850-6745-49ED-B71A-2FD0794D45CD}.Release|iPhone.Build.0 = Release|Any CPU
		{3F528850-6745-49ED-B71A-2FD0794D45CD}.Release|iPhoneSimulator.ActiveCfg = Release|Any CPU
		{3F528850-6745-49ED-B71A-2FD0794D45CD}.Release|iPhoneSimulator.Build.0 = Release|Any CPU
		{3F528850-6745-49ED-B71A-2FD0794D45CD}.Release|x64.ActiveCfg = Release|Any CPU
		{3F528850-6745-49ED-B71A-2FD0794D45CD}.Release|x64.Build.0 = Release|Any CPU
		{3F528850-6745-49ED-B71A-2FD0794D45CD}.Release|x86.ActiveCfg = Release|Any CPU
		{3F528850-6745-49ED-B71A-2FD0794D45CD}.Release|x86.Build.0 = Release|Any CPU
		{2A57421C-29F6-4318-9C08-0CFA2F3270DA}.Ad-Hoc|Any CPU.ActiveCfg = Release|Any CPU
		{2A57421C-29F6-4318-9C08-0CFA2F3270DA}.Ad-Hoc|Any CPU.Build.0 = Release|Any CPU
		{2A57421C-29F6-4318-9C08-0CFA2F3270DA}.Ad-Hoc|ARM.ActiveCfg = Release|Any CPU
		{2A57421C-29F6-4318-9C08-0CFA2F3270DA}.Ad-Hoc|ARM.Build.0 = Release|Any CPU
		{2A57421C-29F6-4318-9C08-0CFA2F3270DA}.Ad-Hoc|iPhone.ActiveCfg = Release|Any CPU
		{2A57421C-29F6-4318-9C08-0CFA2F3270DA}.Ad-Hoc|iPhone.Build.0 = Release|Any CPU
		{2A57421C-29F6-4318-9C08-0CFA2F3270DA}.Ad-Hoc|iPhoneSimulator.ActiveCfg = Release|Any CPU
		{2A57421C-29F6-4318-9C08-0CFA2F3270DA}.Ad-Hoc|iPhoneSimulator.Build.0 = Release|Any CPU
		{2A57421C-29F6-4318-9C08-0CFA2F3270DA}.Ad-Hoc|x64.ActiveCfg = Release|Any CPU
		{2A57421C-29F6-4318-9C08-0CFA2F3270DA}.Ad-Hoc|x64.Build.0 = Release|Any CPU
		{2A57421C-29F6-4318-9C08-0CFA2F3270DA}.Ad-Hoc|x86.ActiveCfg = Release|Any CPU
		{2A57421C-29F6-4318-9C08-0CFA2F3270DA}.Ad-Hoc|x86.Build.0 = Release|Any CPU
		{2A57421C-29F6-4318-9C08-0CFA2F3270DA}.AppStore|Any CPU.ActiveCfg = Release|Any CPU
		{2A57421C-29F6-4318-9C08-0CFA2F3270DA}.AppStore|Any CPU.Build.0 = Release|Any CPU
		{2A57421C-29F6-4318-9C08-0CFA2F3270DA}.AppStore|ARM.ActiveCfg = Release|Any CPU
		{2A57421C-29F6-4318-9C08-0CFA2F3270DA}.AppStore|ARM.Build.0 = Release|Any CPU
		{2A57421C-29F6-4318-9C08-0CFA2F3270DA}.AppStore|iPhone.ActiveCfg = Release|Any CPU
		{2A57421C-29F6-4318-9C08-0CFA2F3270DA}.AppStore|iPhone.Build.0 = Release|Any CPU
		{2A57421C-29F6-4318-9C08-0CFA2F3270DA}.AppStore|iPhoneSimulator.ActiveCfg = Release|Any CPU
		{2A57421C-29F6-4318-9C08-0CFA2F3270DA}.AppStore|iPhoneSimulator.Build.0 = Release|Any CPU
		{2A57421C-29F6-4318-9C08-0CFA2F3270DA}.AppStore|x64.ActiveCfg = Release|Any CPU
		{2A57421C-29F6-4318-9C08-0CFA2F3270DA}.AppStore|x64.Build.0 = Release|Any CPU
		{2A57421C-29F6-4318-9C08-0CFA2F3270DA}.AppStore|x86.ActiveCfg = Release|Any CPU
		{2A57421C-29F6-4318-9C08-0CFA2F3270DA}.AppStore|x86.Build.0 = Release|Any CPU
		{2A57421C-29F6-4318-9C08-0CFA2F3270DA}.Debug|Any CPU.ActiveCfg = Debug|Any CPU
		{2A57421C-29F6-4318-9C08-0CFA2F3270DA}.Debug|Any CPU.Build.0 = Debug|Any CPU
		{2A57421C-29F6-4318-9C08-0CFA2F3270DA}.Debug|ARM.ActiveCfg = Debug|Any CPU
		{2A57421C-29F6-4318-9C08-0CFA2F3270DA}.Debug|ARM.Build.0 = Debug|Any CPU
		{2A57421C-29F6-4318-9C08-0CFA2F3270DA}.Debug|iPhone.ActiveCfg = Debug|Any CPU
		{2A57421C-29F6-4318-9C08-0CFA2F3270DA}.Debug|iPhone.Build.0 = Debug|Any CPU
		{2A57421C-29F6-4318-9C08-0CFA2F3270DA}.Debug|iPhoneSimulator.ActiveCfg = Debug|Any CPU
		{2A57421C-29F6-4318-9C08-0CFA2F3270DA}.Debug|iPhoneSimulator.Build.0 = Debug|Any CPU
		{2A57421C-29F6-4318-9C08-0CFA2F3270DA}.Debug|x64.ActiveCfg = Debug|Any CPU
		{2A57421C-29F6-4318-9C08-0CFA2F3270DA}.Debug|x64.Build.0 = Debug|Any CPU
		{2A57421C-29F6-4318-9C08-0CFA2F3270DA}.Debug|x86.ActiveCfg = Debug|Any CPU
		{2A57421C-29F6-4318-9C08-0CFA2F3270DA}.Debug|x86.Build.0 = Debug|Any CPU
		{2A57421C-29F6-4318-9C08-0CFA2F3270DA}.Release|Any CPU.ActiveCfg = Release|Any CPU
		{2A57421C-29F6-4318-9C08-0CFA2F3270DA}.Release|Any CPU.Build.0 = Release|Any CPU
		{2A57421C-29F6-4318-9C08-0CFA2F3270DA}.Release|ARM.ActiveCfg = Release|Any CPU
		{2A57421C-29F6-4318-9C08-0CFA2F3270DA}.Release|ARM.Build.0 = Release|Any CPU
		{2A57421C-29F6-4318-9C08-0CFA2F3270DA}.Release|iPhone.ActiveCfg = Release|Any CPU
		{2A57421C-29F6-4318-9C08-0CFA2F3270DA}.Release|iPhone.Build.0 = Release|Any CPU
		{2A57421C-29F6-4318-9C08-0CFA2F3270DA}.Release|iPhoneSimulator.ActiveCfg = Release|Any CPU
		{2A57421C-29F6-4318-9C08-0CFA2F3270DA}.Release|iPhoneSimulator.Build.0 = Release|Any CPU
		{2A57421C-29F6-4318-9C08-0CFA2F3270DA}.Release|x64.ActiveCfg = Release|Any CPU
		{2A57421C-29F6-4318-9C08-0CFA2F3270DA}.Release|x64.Build.0 = Release|Any CPU
		{2A57421C-29F6-4318-9C08-0CFA2F3270DA}.Release|x86.ActiveCfg = Release|Any CPU
		{2A57421C-29F6-4318-9C08-0CFA2F3270DA}.Release|x86.Build.0 = Release|Any CPU
		{32EA4942-5058-4694-AC8C-0AE16BA14942}.Ad-Hoc|Any CPU.ActiveCfg = Release|Any CPU
		{32EA4942-5058-4694-AC8C-0AE16BA14942}.Ad-Hoc|Any CPU.Build.0 = Release|Any CPU
		{32EA4942-5058-4694-AC8C-0AE16BA14942}.Ad-Hoc|ARM.ActiveCfg = Release|Any CPU
		{32EA4942-5058-4694-AC8C-0AE16BA14942}.Ad-Hoc|ARM.Build.0 = Release|Any CPU
		{32EA4942-5058-4694-AC8C-0AE16BA14942}.Ad-Hoc|iPhone.ActiveCfg = Release|Any CPU
		{32EA4942-5058-4694-AC8C-0AE16BA14942}.Ad-Hoc|iPhone.Build.0 = Release|Any CPU
		{32EA4942-5058-4694-AC8C-0AE16BA14942}.Ad-Hoc|iPhoneSimulator.ActiveCfg = Release|Any CPU
		{32EA4942-5058-4694-AC8C-0AE16BA14942}.Ad-Hoc|iPhoneSimulator.Build.0 = Release|Any CPU
		{32EA4942-5058-4694-AC8C-0AE16BA14942}.Ad-Hoc|x64.ActiveCfg = Release|Any CPU
		{32EA4942-5058-4694-AC8C-0AE16BA14942}.Ad-Hoc|x64.Build.0 = Release|Any CPU
		{32EA4942-5058-4694-AC8C-0AE16BA14942}.Ad-Hoc|x86.ActiveCfg = Release|Any CPU
		{32EA4942-5058-4694-AC8C-0AE16BA14942}.Ad-Hoc|x86.Build.0 = Release|Any CPU
		{32EA4942-5058-4694-AC8C-0AE16BA14942}.AppStore|Any CPU.ActiveCfg = Release|Any CPU
		{32EA4942-5058-4694-AC8C-0AE16BA14942}.AppStore|Any CPU.Build.0 = Release|Any CPU
		{32EA4942-5058-4694-AC8C-0AE16BA14942}.AppStore|ARM.ActiveCfg = Release|Any CPU
		{32EA4942-5058-4694-AC8C-0AE16BA14942}.AppStore|ARM.Build.0 = Release|Any CPU
		{32EA4942-5058-4694-AC8C-0AE16BA14942}.AppStore|iPhone.ActiveCfg = Release|Any CPU
		{32EA4942-5058-4694-AC8C-0AE16BA14942}.AppStore|iPhone.Build.0 = Release|Any CPU
		{32EA4942-5058-4694-AC8C-0AE16BA14942}.AppStore|iPhoneSimulator.ActiveCfg = Release|Any CPU
		{32EA4942-5058-4694-AC8C-0AE16BA14942}.AppStore|iPhoneSimulator.Build.0 = Release|Any CPU
		{32EA4942-5058-4694-AC8C-0AE16BA14942}.AppStore|x64.ActiveCfg = Release|Any CPU
		{32EA4942-5058-4694-AC8C-0AE16BA14942}.AppStore|x64.Build.0 = Release|Any CPU
		{32EA4942-5058-4694-AC8C-0AE16BA14942}.AppStore|x86.ActiveCfg = Release|Any CPU
		{32EA4942-5058-4694-AC8C-0AE16BA14942}.AppStore|x86.Build.0 = Release|Any CPU
		{32EA4942-5058-4694-AC8C-0AE16BA14942}.Debug|Any CPU.ActiveCfg = Debug|Any CPU
		{32EA4942-5058-4694-AC8C-0AE16BA14942}.Debug|Any CPU.Build.0 = Debug|Any CPU
		{32EA4942-5058-4694-AC8C-0AE16BA14942}.Debug|ARM.ActiveCfg = Debug|Any CPU
		{32EA4942-5058-4694-AC8C-0AE16BA14942}.Debug|ARM.Build.0 = Debug|Any CPU
		{32EA4942-5058-4694-AC8C-0AE16BA14942}.Debug|iPhone.ActiveCfg = Debug|Any CPU
		{32EA4942-5058-4694-AC8C-0AE16BA14942}.Debug|iPhone.Build.0 = Debug|Any CPU
		{32EA4942-5058-4694-AC8C-0AE16BA14942}.Debug|iPhoneSimulator.ActiveCfg = Debug|Any CPU
		{32EA4942-5058-4694-AC8C-0AE16BA14942}.Debug|iPhoneSimulator.Build.0 = Debug|Any CPU
		{32EA4942-5058-4694-AC8C-0AE16BA14942}.Debug|x64.ActiveCfg = Debug|Any CPU
		{32EA4942-5058-4694-AC8C-0AE16BA14942}.Debug|x64.Build.0 = Debug|Any CPU
		{32EA4942-5058-4694-AC8C-0AE16BA14942}.Debug|x86.ActiveCfg = Debug|Any CPU
		{32EA4942-5058-4694-AC8C-0AE16BA14942}.Debug|x86.Build.0 = Debug|Any CPU
		{32EA4942-5058-4694-AC8C-0AE16BA14942}.Release|Any CPU.ActiveCfg = Release|Any CPU
		{32EA4942-5058-4694-AC8C-0AE16BA14942}.Release|Any CPU.Build.0 = Release|Any CPU
		{32EA4942-5058-4694-AC8C-0AE16BA14942}.Release|ARM.ActiveCfg = Release|Any CPU
		{32EA4942-5058-4694-AC8C-0AE16BA14942}.Release|ARM.Build.0 = Release|Any CPU
		{32EA4942-5058-4694-AC8C-0AE16BA14942}.Release|iPhone.ActiveCfg = Release|Any CPU
		{32EA4942-5058-4694-AC8C-0AE16BA14942}.Release|iPhone.Build.0 = Release|Any CPU
		{32EA4942-5058-4694-AC8C-0AE16BA14942}.Release|iPhoneSimulator.ActiveCfg = Release|Any CPU
		{32EA4942-5058-4694-AC8C-0AE16BA14942}.Release|iPhoneSimulator.Build.0 = Release|Any CPU
		{32EA4942-5058-4694-AC8C-0AE16BA14942}.Release|x64.ActiveCfg = Release|Any CPU
		{32EA4942-5058-4694-AC8C-0AE16BA14942}.Release|x64.Build.0 = Release|Any CPU
		{32EA4942-5058-4694-AC8C-0AE16BA14942}.Release|x86.ActiveCfg = Release|Any CPU
		{32EA4942-5058-4694-AC8C-0AE16BA14942}.Release|x86.Build.0 = Release|Any CPU
		{9D955AA4-B2DD-4E26-83E0-DDF00AE64B0C}.Ad-Hoc|Any CPU.ActiveCfg = Release|Any CPU
		{9D955AA4-B2DD-4E26-83E0-DDF00AE64B0C}.Ad-Hoc|Any CPU.Build.0 = Release|Any CPU
		{9D955AA4-B2DD-4E26-83E0-DDF00AE64B0C}.Ad-Hoc|ARM.ActiveCfg = Release|Any CPU
		{9D955AA4-B2DD-4E26-83E0-DDF00AE64B0C}.Ad-Hoc|ARM.Build.0 = Release|Any CPU
		{9D955AA4-B2DD-4E26-83E0-DDF00AE64B0C}.Ad-Hoc|iPhone.ActiveCfg = Release|Any CPU
		{9D955AA4-B2DD-4E26-83E0-DDF00AE64B0C}.Ad-Hoc|iPhone.Build.0 = Release|Any CPU
		{9D955AA4-B2DD-4E26-83E0-DDF00AE64B0C}.Ad-Hoc|iPhoneSimulator.ActiveCfg = Release|Any CPU
		{9D955AA4-B2DD-4E26-83E0-DDF00AE64B0C}.Ad-Hoc|iPhoneSimulator.Build.0 = Release|Any CPU
		{9D955AA4-B2DD-4E26-83E0-DDF00AE64B0C}.Ad-Hoc|x64.ActiveCfg = Release|Any CPU
		{9D955AA4-B2DD-4E26-83E0-DDF00AE64B0C}.Ad-Hoc|x64.Build.0 = Release|Any CPU
		{9D955AA4-B2DD-4E26-83E0-DDF00AE64B0C}.Ad-Hoc|x86.ActiveCfg = Release|Any CPU
		{9D955AA4-B2DD-4E26-83E0-DDF00AE64B0C}.Ad-Hoc|x86.Build.0 = Release|Any CPU
		{9D955AA4-B2DD-4E26-83E0-DDF00AE64B0C}.AppStore|Any CPU.ActiveCfg = Release|Any CPU
		{9D955AA4-B2DD-4E26-83E0-DDF00AE64B0C}.AppStore|Any CPU.Build.0 = Release|Any CPU
		{9D955AA4-B2DD-4E26-83E0-DDF00AE64B0C}.AppStore|ARM.ActiveCfg = Release|Any CPU
		{9D955AA4-B2DD-4E26-83E0-DDF00AE64B0C}.AppStore|ARM.Build.0 = Release|Any CPU
		{9D955AA4-B2DD-4E26-83E0-DDF00AE64B0C}.AppStore|iPhone.ActiveCfg = Release|Any CPU
		{9D955AA4-B2DD-4E26-83E0-DDF00AE64B0C}.AppStore|iPhone.Build.0 = Release|Any CPU
		{9D955AA4-B2DD-4E26-83E0-DDF00AE64B0C}.AppStore|iPhoneSimulator.ActiveCfg = Release|Any CPU
		{9D955AA4-B2DD-4E26-83E0-DDF00AE64B0C}.AppStore|iPhoneSimulator.Build.0 = Release|Any CPU
		{9D955AA4-B2DD-4E26-83E0-DDF00AE64B0C}.AppStore|x64.ActiveCfg = Release|Any CPU
		{9D955AA4-B2DD-4E26-83E0-DDF00AE64B0C}.AppStore|x64.Build.0 = Release|Any CPU
		{9D955AA4-B2DD-4E26-83E0-DDF00AE64B0C}.AppStore|x86.ActiveCfg = Release|Any CPU
		{9D955AA4-B2DD-4E26-83E0-DDF00AE64B0C}.AppStore|x86.Build.0 = Release|Any CPU
		{9D955AA4-B2DD-4E26-83E0-DDF00AE64B0C}.Debug|Any CPU.ActiveCfg = Debug|Any CPU
		{9D955AA4-B2DD-4E26-83E0-DDF00AE64B0C}.Debug|Any CPU.Build.0 = Debug|Any CPU
		{9D955AA4-B2DD-4E26-83E0-DDF00AE64B0C}.Debug|ARM.ActiveCfg = Debug|Any CPU
		{9D955AA4-B2DD-4E26-83E0-DDF00AE64B0C}.Debug|ARM.Build.0 = Debug|Any CPU
		{9D955AA4-B2DD-4E26-83E0-DDF00AE64B0C}.Debug|iPhone.ActiveCfg = Debug|Any CPU
		{9D955AA4-B2DD-4E26-83E0-DDF00AE64B0C}.Debug|iPhone.Build.0 = Debug|Any CPU
		{9D955AA4-B2DD-4E26-83E0-DDF00AE64B0C}.Debug|iPhoneSimulator.ActiveCfg = Debug|Any CPU
		{9D955AA4-B2DD-4E26-83E0-DDF00AE64B0C}.Debug|iPhoneSimulator.Build.0 = Debug|Any CPU
		{9D955AA4-B2DD-4E26-83E0-DDF00AE64B0C}.Debug|x64.ActiveCfg = Debug|Any CPU
		{9D955AA4-B2DD-4E26-83E0-DDF00AE64B0C}.Debug|x64.Build.0 = Debug|Any CPU
		{9D955AA4-B2DD-4E26-83E0-DDF00AE64B0C}.Debug|x86.ActiveCfg = Debug|Any CPU
		{9D955AA4-B2DD-4E26-83E0-DDF00AE64B0C}.Debug|x86.Build.0 = Debug|Any CPU
		{9D955AA4-B2DD-4E26-83E0-DDF00AE64B0C}.Release|Any CPU.ActiveCfg = Release|Any CPU
		{9D955AA4-B2DD-4E26-83E0-DDF00AE64B0C}.Release|Any CPU.Build.0 = Release|Any CPU
		{9D955AA4-B2DD-4E26-83E0-DDF00AE64B0C}.Release|ARM.ActiveCfg = Release|Any CPU
		{9D955AA4-B2DD-4E26-83E0-DDF00AE64B0C}.Release|ARM.Build.0 = Release|Any CPU
		{9D955AA4-B2DD-4E26-83E0-DDF00AE64B0C}.Release|iPhone.ActiveCfg = Release|Any CPU
		{9D955AA4-B2DD-4E26-83E0-DDF00AE64B0C}.Release|iPhone.Build.0 = Release|Any CPU
		{9D955AA4-B2DD-4E26-83E0-DDF00AE64B0C}.Release|iPhoneSimulator.ActiveCfg = Release|Any CPU
		{9D955AA4-B2DD-4E26-83E0-DDF00AE64B0C}.Release|iPhoneSimulator.Build.0 = Release|Any CPU
		{9D955AA4-B2DD-4E26-83E0-DDF00AE64B0C}.Release|x64.ActiveCfg = Release|Any CPU
		{9D955AA4-B2DD-4E26-83E0-DDF00AE64B0C}.Release|x64.Build.0 = Release|Any CPU
		{9D955AA4-B2DD-4E26-83E0-DDF00AE64B0C}.Release|x86.ActiveCfg = Release|Any CPU
		{9D955AA4-B2DD-4E26-83E0-DDF00AE64B0C}.Release|x86.Build.0 = Release|Any CPU
		{25257FB1-8755-42D0-BC1A-84EABFA4DDFC}.Ad-Hoc|Any CPU.ActiveCfg = Release|Any CPU
		{25257FB1-8755-42D0-BC1A-84EABFA4DDFC}.Ad-Hoc|Any CPU.Build.0 = Release|Any CPU
		{25257FB1-8755-42D0-BC1A-84EABFA4DDFC}.Ad-Hoc|ARM.ActiveCfg = Release|Any CPU
		{25257FB1-8755-42D0-BC1A-84EABFA4DDFC}.Ad-Hoc|ARM.Build.0 = Release|Any CPU
		{25257FB1-8755-42D0-BC1A-84EABFA4DDFC}.Ad-Hoc|iPhone.ActiveCfg = Release|Any CPU
		{25257FB1-8755-42D0-BC1A-84EABFA4DDFC}.Ad-Hoc|iPhone.Build.0 = Release|Any CPU
		{25257FB1-8755-42D0-BC1A-84EABFA4DDFC}.Ad-Hoc|iPhoneSimulator.ActiveCfg = Release|Any CPU
		{25257FB1-8755-42D0-BC1A-84EABFA4DDFC}.Ad-Hoc|iPhoneSimulator.Build.0 = Release|Any CPU
		{25257FB1-8755-42D0-BC1A-84EABFA4DDFC}.Ad-Hoc|x64.ActiveCfg = Release|Any CPU
		{25257FB1-8755-42D0-BC1A-84EABFA4DDFC}.Ad-Hoc|x64.Build.0 = Release|Any CPU
		{25257FB1-8755-42D0-BC1A-84EABFA4DDFC}.Ad-Hoc|x86.ActiveCfg = Release|Any CPU
		{25257FB1-8755-42D0-BC1A-84EABFA4DDFC}.Ad-Hoc|x86.Build.0 = Release|Any CPU
		{25257FB1-8755-42D0-BC1A-84EABFA4DDFC}.AppStore|Any CPU.ActiveCfg = Release|Any CPU
		{25257FB1-8755-42D0-BC1A-84EABFA4DDFC}.AppStore|Any CPU.Build.0 = Release|Any CPU
		{25257FB1-8755-42D0-BC1A-84EABFA4DDFC}.AppStore|ARM.ActiveCfg = Release|Any CPU
		{25257FB1-8755-42D0-BC1A-84EABFA4DDFC}.AppStore|ARM.Build.0 = Release|Any CPU
		{25257FB1-8755-42D0-BC1A-84EABFA4DDFC}.AppStore|iPhone.ActiveCfg = Release|Any CPU
		{25257FB1-8755-42D0-BC1A-84EABFA4DDFC}.AppStore|iPhone.Build.0 = Release|Any CPU
		{25257FB1-8755-42D0-BC1A-84EABFA4DDFC}.AppStore|iPhoneSimulator.ActiveCfg = Release|Any CPU
		{25257FB1-8755-42D0-BC1A-84EABFA4DDFC}.AppStore|iPhoneSimulator.Build.0 = Release|Any CPU
		{25257FB1-8755-42D0-BC1A-84EABFA4DDFC}.AppStore|x64.ActiveCfg = Release|Any CPU
		{25257FB1-8755-42D0-BC1A-84EABFA4DDFC}.AppStore|x64.Build.0 = Release|Any CPU
		{25257FB1-8755-42D0-BC1A-84EABFA4DDFC}.AppStore|x86.ActiveCfg = Release|Any CPU
		{25257FB1-8755-42D0-BC1A-84EABFA4DDFC}.AppStore|x86.Build.0 = Release|Any CPU
		{25257FB1-8755-42D0-BC1A-84EABFA4DDFC}.Debug|Any CPU.ActiveCfg = Debug|Any CPU
		{25257FB1-8755-42D0-BC1A-84EABFA4DDFC}.Debug|Any CPU.Build.0 = Debug|Any CPU
		{25257FB1-8755-42D0-BC1A-84EABFA4DDFC}.Debug|ARM.ActiveCfg = Debug|Any CPU
		{25257FB1-8755-42D0-BC1A-84EABFA4DDFC}.Debug|ARM.Build.0 = Debug|Any CPU
		{25257FB1-8755-42D0-BC1A-84EABFA4DDFC}.Debug|iPhone.ActiveCfg = Debug|Any CPU
		{25257FB1-8755-42D0-BC1A-84EABFA4DDFC}.Debug|iPhone.Build.0 = Debug|Any CPU
		{25257FB1-8755-42D0-BC1A-84EABFA4DDFC}.Debug|iPhoneSimulator.ActiveCfg = Debug|Any CPU
		{25257FB1-8755-42D0-BC1A-84EABFA4DDFC}.Debug|iPhoneSimulator.Build.0 = Debug|Any CPU
		{25257FB1-8755-42D0-BC1A-84EABFA4DDFC}.Debug|x64.ActiveCfg = Debug|Any CPU
		{25257FB1-8755-42D0-BC1A-84EABFA4DDFC}.Debug|x64.Build.0 = Debug|Any CPU
		{25257FB1-8755-42D0-BC1A-84EABFA4DDFC}.Debug|x86.ActiveCfg = Debug|Any CPU
		{25257FB1-8755-42D0-BC1A-84EABFA4DDFC}.Debug|x86.Build.0 = Debug|Any CPU
		{25257FB1-8755-42D0-BC1A-84EABFA4DDFC}.Release|Any CPU.ActiveCfg = Release|Any CPU
		{25257FB1-8755-42D0-BC1A-84EABFA4DDFC}.Release|Any CPU.Build.0 = Release|Any CPU
		{25257FB1-8755-42D0-BC1A-84EABFA4DDFC}.Release|ARM.ActiveCfg = Release|Any CPU
		{25257FB1-8755-42D0-BC1A-84EABFA4DDFC}.Release|ARM.Build.0 = Release|Any CPU
		{25257FB1-8755-42D0-BC1A-84EABFA4DDFC}.Release|iPhone.ActiveCfg = Release|Any CPU
		{25257FB1-8755-42D0-BC1A-84EABFA4DDFC}.Release|iPhone.Build.0 = Release|Any CPU
		{25257FB1-8755-42D0-BC1A-84EABFA4DDFC}.Release|iPhoneSimulator.ActiveCfg = Release|Any CPU
		{25257FB1-8755-42D0-BC1A-84EABFA4DDFC}.Release|iPhoneSimulator.Build.0 = Release|Any CPU
		{25257FB1-8755-42D0-BC1A-84EABFA4DDFC}.Release|x64.ActiveCfg = Release|Any CPU
		{25257FB1-8755-42D0-BC1A-84EABFA4DDFC}.Release|x64.Build.0 = Release|Any CPU
		{25257FB1-8755-42D0-BC1A-84EABFA4DDFC}.Release|x86.ActiveCfg = Release|Any CPU
		{25257FB1-8755-42D0-BC1A-84EABFA4DDFC}.Release|x86.Build.0 = Release|Any CPU
		{F765EB67-087E-4AD4-83A9-3E7BDFA7F44F}.Ad-Hoc|Any CPU.ActiveCfg = Release|Any CPU
		{F765EB67-087E-4AD4-83A9-3E7BDFA7F44F}.Ad-Hoc|Any CPU.Build.0 = Release|Any CPU
		{F765EB67-087E-4AD4-83A9-3E7BDFA7F44F}.Ad-Hoc|ARM.ActiveCfg = Release|Any CPU
		{F765EB67-087E-4AD4-83A9-3E7BDFA7F44F}.Ad-Hoc|ARM.Build.0 = Release|Any CPU
		{F765EB67-087E-4AD4-83A9-3E7BDFA7F44F}.Ad-Hoc|iPhone.ActiveCfg = Release|Any CPU
		{F765EB67-087E-4AD4-83A9-3E7BDFA7F44F}.Ad-Hoc|iPhone.Build.0 = Release|Any CPU
		{F765EB67-087E-4AD4-83A9-3E7BDFA7F44F}.Ad-Hoc|iPhoneSimulator.ActiveCfg = Release|Any CPU
		{F765EB67-087E-4AD4-83A9-3E7BDFA7F44F}.Ad-Hoc|iPhoneSimulator.Build.0 = Release|Any CPU
		{F765EB67-087E-4AD4-83A9-3E7BDFA7F44F}.Ad-Hoc|x64.ActiveCfg = Release|Any CPU
		{F765EB67-087E-4AD4-83A9-3E7BDFA7F44F}.Ad-Hoc|x64.Build.0 = Release|Any CPU
		{F765EB67-087E-4AD4-83A9-3E7BDFA7F44F}.Ad-Hoc|x86.ActiveCfg = Release|Any CPU
		{F765EB67-087E-4AD4-83A9-3E7BDFA7F44F}.Ad-Hoc|x86.Build.0 = Release|Any CPU
		{F765EB67-087E-4AD4-83A9-3E7BDFA7F44F}.AppStore|Any CPU.ActiveCfg = Release|Any CPU
		{F765EB67-087E-4AD4-83A9-3E7BDFA7F44F}.AppStore|Any CPU.Build.0 = Release|Any CPU
		{F765EB67-087E-4AD4-83A9-3E7BDFA7F44F}.AppStore|ARM.ActiveCfg = Release|Any CPU
		{F765EB67-087E-4AD4-83A9-3E7BDFA7F44F}.AppStore|ARM.Build.0 = Release|Any CPU
		{F765EB67-087E-4AD4-83A9-3E7BDFA7F44F}.AppStore|iPhone.ActiveCfg = Release|Any CPU
		{F765EB67-087E-4AD4-83A9-3E7BDFA7F44F}.AppStore|iPhone.Build.0 = Release|Any CPU
		{F765EB67-087E-4AD4-83A9-3E7BDFA7F44F}.AppStore|iPhoneSimulator.ActiveCfg = Release|Any CPU
		{F765EB67-087E-4AD4-83A9-3E7BDFA7F44F}.AppStore|iPhoneSimulator.Build.0 = Release|Any CPU
		{F765EB67-087E-4AD4-83A9-3E7BDFA7F44F}.AppStore|x64.ActiveCfg = Release|Any CPU
		{F765EB67-087E-4AD4-83A9-3E7BDFA7F44F}.AppStore|x64.Build.0 = Release|Any CPU
		{F765EB67-087E-4AD4-83A9-3E7BDFA7F44F}.AppStore|x86.ActiveCfg = Release|Any CPU
		{F765EB67-087E-4AD4-83A9-3E7BDFA7F44F}.AppStore|x86.Build.0 = Release|Any CPU
		{F765EB67-087E-4AD4-83A9-3E7BDFA7F44F}.Debug|Any CPU.ActiveCfg = Debug|Any CPU
		{F765EB67-087E-4AD4-83A9-3E7BDFA7F44F}.Debug|Any CPU.Build.0 = Debug|Any CPU
		{F765EB67-087E-4AD4-83A9-3E7BDFA7F44F}.Debug|ARM.ActiveCfg = Debug|Any CPU
		{F765EB67-087E-4AD4-83A9-3E7BDFA7F44F}.Debug|ARM.Build.0 = Debug|Any CPU
		{F765EB67-087E-4AD4-83A9-3E7BDFA7F44F}.Debug|iPhone.ActiveCfg = Debug|Any CPU
		{F765EB67-087E-4AD4-83A9-3E7BDFA7F44F}.Debug|iPhone.Build.0 = Debug|Any CPU
		{F765EB67-087E-4AD4-83A9-3E7BDFA7F44F}.Debug|iPhoneSimulator.ActiveCfg = Debug|Any CPU
		{F765EB67-087E-4AD4-83A9-3E7BDFA7F44F}.Debug|iPhoneSimulator.Build.0 = Debug|Any CPU
		{F765EB67-087E-4AD4-83A9-3E7BDFA7F44F}.Debug|x64.ActiveCfg = Debug|Any CPU
		{F765EB67-087E-4AD4-83A9-3E7BDFA7F44F}.Debug|x64.Build.0 = Debug|Any CPU
		{F765EB67-087E-4AD4-83A9-3E7BDFA7F44F}.Debug|x86.ActiveCfg = Debug|Any CPU
		{F765EB67-087E-4AD4-83A9-3E7BDFA7F44F}.Debug|x86.Build.0 = Debug|Any CPU
		{F765EB67-087E-4AD4-83A9-3E7BDFA7F44F}.Release|Any CPU.ActiveCfg = Release|Any CPU
		{F765EB67-087E-4AD4-83A9-3E7BDFA7F44F}.Release|Any CPU.Build.0 = Release|Any CPU
		{F765EB67-087E-4AD4-83A9-3E7BDFA7F44F}.Release|ARM.ActiveCfg = Release|Any CPU
		{F765EB67-087E-4AD4-83A9-3E7BDFA7F44F}.Release|ARM.Build.0 = Release|Any CPU
		{F765EB67-087E-4AD4-83A9-3E7BDFA7F44F}.Release|iPhone.ActiveCfg = Release|Any CPU
		{F765EB67-087E-4AD4-83A9-3E7BDFA7F44F}.Release|iPhone.Build.0 = Release|Any CPU
		{F765EB67-087E-4AD4-83A9-3E7BDFA7F44F}.Release|iPhoneSimulator.ActiveCfg = Release|Any CPU
		{F765EB67-087E-4AD4-83A9-3E7BDFA7F44F}.Release|iPhoneSimulator.Build.0 = Release|Any CPU
		{F765EB67-087E-4AD4-83A9-3E7BDFA7F44F}.Release|x64.ActiveCfg = Release|Any CPU
		{F765EB67-087E-4AD4-83A9-3E7BDFA7F44F}.Release|x64.Build.0 = Release|Any CPU
		{F765EB67-087E-4AD4-83A9-3E7BDFA7F44F}.Release|x86.ActiveCfg = Release|Any CPU
		{F765EB67-087E-4AD4-83A9-3E7BDFA7F44F}.Release|x86.Build.0 = Release|Any CPU
		{705777BF-B613-4B16-A0F6-3B15B4C6FE21}.Ad-Hoc|Any CPU.ActiveCfg = Release|Any CPU
		{705777BF-B613-4B16-A0F6-3B15B4C6FE21}.Ad-Hoc|Any CPU.Build.0 = Release|Any CPU
		{705777BF-B613-4B16-A0F6-3B15B4C6FE21}.Ad-Hoc|ARM.ActiveCfg = Release|Any CPU
		{705777BF-B613-4B16-A0F6-3B15B4C6FE21}.Ad-Hoc|ARM.Build.0 = Release|Any CPU
		{705777BF-B613-4B16-A0F6-3B15B4C6FE21}.Ad-Hoc|iPhone.ActiveCfg = Release|Any CPU
		{705777BF-B613-4B16-A0F6-3B15B4C6FE21}.Ad-Hoc|iPhone.Build.0 = Release|Any CPU
		{705777BF-B613-4B16-A0F6-3B15B4C6FE21}.Ad-Hoc|iPhoneSimulator.ActiveCfg = Release|Any CPU
		{705777BF-B613-4B16-A0F6-3B15B4C6FE21}.Ad-Hoc|iPhoneSimulator.Build.0 = Release|Any CPU
		{705777BF-B613-4B16-A0F6-3B15B4C6FE21}.Ad-Hoc|x64.ActiveCfg = Release|Any CPU
		{705777BF-B613-4B16-A0F6-3B15B4C6FE21}.Ad-Hoc|x64.Build.0 = Release|Any CPU
		{705777BF-B613-4B16-A0F6-3B15B4C6FE21}.Ad-Hoc|x86.ActiveCfg = Release|Any CPU
		{705777BF-B613-4B16-A0F6-3B15B4C6FE21}.Ad-Hoc|x86.Build.0 = Release|Any CPU
		{705777BF-B613-4B16-A0F6-3B15B4C6FE21}.AppStore|Any CPU.ActiveCfg = Release|Any CPU
		{705777BF-B613-4B16-A0F6-3B15B4C6FE21}.AppStore|Any CPU.Build.0 = Release|Any CPU
		{705777BF-B613-4B16-A0F6-3B15B4C6FE21}.AppStore|ARM.ActiveCfg = Release|Any CPU
		{705777BF-B613-4B16-A0F6-3B15B4C6FE21}.AppStore|ARM.Build.0 = Release|Any CPU
		{705777BF-B613-4B16-A0F6-3B15B4C6FE21}.AppStore|iPhone.ActiveCfg = Release|Any CPU
		{705777BF-B613-4B16-A0F6-3B15B4C6FE21}.AppStore|iPhone.Build.0 = Release|Any CPU
		{705777BF-B613-4B16-A0F6-3B15B4C6FE21}.AppStore|iPhoneSimulator.ActiveCfg = Release|Any CPU
		{705777BF-B613-4B16-A0F6-3B15B4C6FE21}.AppStore|iPhoneSimulator.Build.0 = Release|Any CPU
		{705777BF-B613-4B16-A0F6-3B15B4C6FE21}.AppStore|x64.ActiveCfg = Release|Any CPU
		{705777BF-B613-4B16-A0F6-3B15B4C6FE21}.AppStore|x64.Build.0 = Release|Any CPU
		{705777BF-B613-4B16-A0F6-3B15B4C6FE21}.AppStore|x86.ActiveCfg = Release|Any CPU
		{705777BF-B613-4B16-A0F6-3B15B4C6FE21}.AppStore|x86.Build.0 = Release|Any CPU
		{705777BF-B613-4B16-A0F6-3B15B4C6FE21}.Debug|Any CPU.ActiveCfg = Debug|Any CPU
		{705777BF-B613-4B16-A0F6-3B15B4C6FE21}.Debug|Any CPU.Build.0 = Debug|Any CPU
		{705777BF-B613-4B16-A0F6-3B15B4C6FE21}.Debug|ARM.ActiveCfg = Debug|Any CPU
		{705777BF-B613-4B16-A0F6-3B15B4C6FE21}.Debug|ARM.Build.0 = Debug|Any CPU
		{705777BF-B613-4B16-A0F6-3B15B4C6FE21}.Debug|iPhone.ActiveCfg = Debug|Any CPU
		{705777BF-B613-4B16-A0F6-3B15B4C6FE21}.Debug|iPhone.Build.0 = Debug|Any CPU
		{705777BF-B613-4B16-A0F6-3B15B4C6FE21}.Debug|iPhoneSimulator.ActiveCfg = Debug|Any CPU
		{705777BF-B613-4B16-A0F6-3B15B4C6FE21}.Debug|iPhoneSimulator.Build.0 = Debug|Any CPU
		{705777BF-B613-4B16-A0F6-3B15B4C6FE21}.Debug|x64.ActiveCfg = Debug|Any CPU
		{705777BF-B613-4B16-A0F6-3B15B4C6FE21}.Debug|x64.Build.0 = Debug|Any CPU
		{705777BF-B613-4B16-A0F6-3B15B4C6FE21}.Debug|x86.ActiveCfg = Debug|Any CPU
		{705777BF-B613-4B16-A0F6-3B15B4C6FE21}.Debug|x86.Build.0 = Debug|Any CPU
		{705777BF-B613-4B16-A0F6-3B15B4C6FE21}.Release|Any CPU.ActiveCfg = Release|Any CPU
		{705777BF-B613-4B16-A0F6-3B15B4C6FE21}.Release|Any CPU.Build.0 = Release|Any CPU
		{705777BF-B613-4B16-A0F6-3B15B4C6FE21}.Release|ARM.ActiveCfg = Release|Any CPU
		{705777BF-B613-4B16-A0F6-3B15B4C6FE21}.Release|ARM.Build.0 = Release|Any CPU
		{705777BF-B613-4B16-A0F6-3B15B4C6FE21}.Release|iPhone.ActiveCfg = Release|Any CPU
		{705777BF-B613-4B16-A0F6-3B15B4C6FE21}.Release|iPhone.Build.0 = Release|Any CPU
		{705777BF-B613-4B16-A0F6-3B15B4C6FE21}.Release|iPhoneSimulator.ActiveCfg = Release|Any CPU
		{705777BF-B613-4B16-A0F6-3B15B4C6FE21}.Release|iPhoneSimulator.Build.0 = Release|Any CPU
		{705777BF-B613-4B16-A0F6-3B15B4C6FE21}.Release|x64.ActiveCfg = Release|Any CPU
		{705777BF-B613-4B16-A0F6-3B15B4C6FE21}.Release|x64.Build.0 = Release|Any CPU
		{705777BF-B613-4B16-A0F6-3B15B4C6FE21}.Release|x86.ActiveCfg = Release|Any CPU
		{705777BF-B613-4B16-A0F6-3B15B4C6FE21}.Release|x86.Build.0 = Release|Any CPU
	EndGlobalSection
	GlobalSection(SolutionProperties) = preSolution
		HideSolutionNode = FALSE
	EndGlobalSection
	GlobalSection(NestedProjects) = preSolution
		{32EA4942-5058-4694-AC8C-0AE16BA14942} = {D526BA73-F22A-4AD9-9F30-8F8F63D4750F}
		{9D955AA4-B2DD-4E26-83E0-DDF00AE64B0C} = {D526BA73-F22A-4AD9-9F30-8F8F63D4750F}
		{25257FB1-8755-42D0-BC1A-84EABFA4DDFC} = {D526BA73-F22A-4AD9-9F30-8F8F63D4750F}
	EndGlobalSection
EndGlobal
